
Microsoft Visual Studio Solution File, Format Version 12.00
# Visual Studio Version 16
VisualStudioVersion = 16.0.31424.327
MinimumVisualStudioVersion = 10.0.40219.1
Project("{FAE04EC0-301F-11D3-BF4B-00C04F79EFBC}") = "SophiApp", "SophiApp\SophiApp.csproj", "{200CAFBE-6569-4C44-AED4-A9CCF6B37BE0}"
EndProject
Global
	GlobalSection(SolutionConfigurationPlatforms) = preSolution
		Debug|Any CPU = Debug|Any CPU
		Release|Any CPU = Release|Any CPU
	EndGlobalSection
	GlobalSection(ProjectConfigurationPlatforms) = postSolution
		{200CAFBE-6569-4C44-AED4-A9CCF6B37BE0}.Debug|Any CPU.ActiveCfg = Debug|Any CPU
		{200CAFBE-6569-4C44-AED4-A9CCF6B37BE0}.Debug|Any CPU.Build.0 = Debug|Any CPU
		{200CAFBE-6569-4C44-AED4-A9CCF6B37BE0}.Release|Any CPU.ActiveCfg = Release|Any CPU
		{200CAFBE-6569-4C44-AED4-A9CCF6B37BE0}.Release|Any CPU.Build.0 = Release|Any CPU
	EndGlobalSection
	GlobalSection(SolutionProperties) = preSolution
		HideSolutionNode = FALSE
	EndGlobalSection
	GlobalSection(ExtensibilityGlobals) = postSolution
		SolutionGuid = {D0DBFF45-BB2F-4B34-9BAE-203FB978D469}
	EndGlobalSection
EndGlobal
