
Microsoft Visual Studio Solution File, Format Version 12.00
# Visual Studio Version 17
VisualStudioVersion = 17.5.33530.505
MinimumVisualStudioVersion = 10.0.40219.1
Project("{9A19103F-16F7-4668-BE54-9A1E7A4F7556}") = "SophiApp", "SophiApp.csproj", "{239191CC-BFD2-419C-933F-820FD3531527}"
EndProject
Project("{2150E333-8FDC-42A3-9474-1A3956D46DE8}") = "Элементы решения", "Элементы решения", "{AEE3AC23-B5FD-4704-A3EE-AD6CE13AB77E}"
	ProjectSection(SolutionItems) = preProject
		.editorconfig = .editorconfig
		Directory.Build.props = Directory.Build.props
		stylecop.json = stylecop.json
	EndProjectSection
EndProject
Global
	GlobalSection(SolutionConfigurationPlatforms) = preSolution
		Debug|Any CPU = Debug|Any CPU
		Release|Any CPU = Release|Any CPU
	EndGlobalSection
	GlobalSection(ProjectConfigurationPlatforms) = postSolution
		{239191CC-BFD2-419C-933F-820FD3531527}.Debug|Any CPU.ActiveCfg = Debug|Any CPU
		{239191CC-BFD2-419C-933F-820FD3531527}.Debug|Any CPU.Build.0 = Debug|Any CPU
		{239191CC-BFD2-419C-933F-820FD3531527}.Release|Any CPU.ActiveCfg = Release|Any CPU
		{239191CC-BFD2-419C-933F-820FD3531527}.Release|Any CPU.Build.0 = Release|Any CPU
	EndGlobalSection
	GlobalSection(SolutionProperties) = preSolution
		HideSolutionNode = FALSE
	EndGlobalSection
	GlobalSection(ExtensibilityGlobals) = postSolution
		SolutionGuid = {112688C3-EB85-4459-81E8-E835FD4A1845}
	EndGlobalSection
EndGlobal
